# @generated - this file is auto-generated by `mise lock` https://mise.en.dev/dev-tools/mise-lock.html

[[tools.node]]
version = "25.9.0"
backend = "core:node"

[tools.node."platforms.linux-arm64"]
checksum = "sha256:8fb4283301b8c720fc9f18bffff0f659e72cc14d0cf207a3bb411808aaa73a57"
url = "https://nodejs.org/dist/v25.9.0/node-v25.9.0-linux-arm64.tar.gz"

[tools.node."platforms.linux-arm64-musl"]
checksum = "sha256:8fb4283301b8c720fc9f18bffff0f659e72cc14d0cf207a3bb411808aaa73a57"
url = "https://nodejs.org/dist/v25.9.0/node-v25.9.0-linux-arm64.tar.gz"

[tools.node."platforms.linux-x64"]
checksum = "sha256:134e55b2408448a219760fe04dc44d6851f9de8a79549021ffd870e9082d9e7b"
url = "https://nodejs.org/dist/v25.9.0/node-v25.9.0-linux-x64.tar.gz"

[tools.node."platforms.linux-x64-musl"]
checksum = "sha256:134e55b2408448a219760fe04dc44d6851f9de8a79549021ffd870e9082d9e7b"
url = "https://nodejs.org/dist/v25.9.0/node-v25.9.0-linux-x64.tar.gz"

[tools.node."platforms.macos-arm64"]
checksum = "sha256:e479f3c469d3d9303a44f00a8ea37a3788395d171bb8059c48a4bbbd2e371b59"
url = "https://nodejs.org/dist/v25.9.0/node-v25.9.0-darwin-arm64.tar.gz"

[tools.node."platforms.macos-x64"]
checksum = "sha256:7d737b53ce191142bfa1c17cfa5b070d96e84eebf76b8dd06d84981cbdc3f7e3"
url = "https://nodejs.org/dist/v25.9.0/node-v25.9.0-darwin-x64.tar.gz"

[tools.node."platforms.windows-x64"]
checksum = "sha256:929552b8305effac843ba7b4270c437aefb702fc3fbd73fcd1bffd35d4ac284e"
url = "https://nodejs.org/dist/v25.9.0/node-v25.9.0-win-x64.zip"

[[tools."npm:nx"]]
version = "22.7.2"
backend = "npm:nx"

[[tools.pnpm]]
version = "11.1.3"
backend = "aqua:pnpm/pnpm"

[tools.pnpm."platforms.linux-arm64"]
checksum = "sha256:35676a3dacc7e325dd6ac90db35fd425f17748ea8095c2ea6d47c2375a974fcd"
url = "https://github.com/pnpm/pnpm/releases/download/v11.1.3/pnpm-linux-arm64.tar.gz"
provenance = "github-attestations"

[tools.pnpm."platforms.linux-arm64-musl"]
checksum = "sha256:4d3ce91646621f5551f9723744df2ce7a2f2b00a238b957d5fc2bad88e972ead"
url = "https://github.com/pnpm/pnpm/releases/download/v11.1.3/pnpm-linux-arm64-musl.tar.gz"
provenance = "github-attestations"

[tools.pnpm."platforms.linux-x64"]
checksum = "sha256:8e5685c22bc05e8092adb056bb3d848c3d7926a2c909ed028052098d59db9e6e"
url = "https://github.com/pnpm/pnpm/releases/download/v11.1.3/pnpm-linux-x64.tar.gz"
provenance = "github-attestations"

[tools.pnpm."platforms.linux-x64-musl"]
checksum = "sha256:729e484a7ca2c0319e188b4ce97523034a8a9913a6833c8afdc144b03a9ff260"
url = "https://github.com/pnpm/pnpm/releases/download/v11.1.3/pnpm-linux-x64-musl.tar.gz"
provenance = "github-attestations"

[tools.pnpm."platforms.macos-arm64"]
checksum = "sha256:c258310926cfaaa59b50296bc0defca66a466799eb045d4f76fe3fc3c5e6565d"
url = "https://github.com/pnpm/pnpm/releases/download/v11.1.3/pnpm-darwin-arm64.tar.gz"
provenance = "github-attestations"

[tools.pnpm."platforms.windows-x64"]
checksum = "sha256:46d42ba9d141605dfc65819a498b27971c4589c7ef139ad80c5e9da7a5c34b06"
url = "https://github.com/pnpm/pnpm/releases/download/v11.1.3/pnpm-win32-x64.zip"
provenance = "github-attestations"
