# @generated - this file is auto-generated by `mise lock` https://mise.en.dev/dev-tools/mise-lock.html

[[tools.node]]
version = "26.2.0"
backend = "core:node"

[tools.node."platforms.linux-arm64"]
checksum = "sha256:bf52461d25017479cdc549642c4e7a2303ac5c5395d7c3d026d5d8b3fa283c05"
url = "https://nodejs.org/dist/v26.2.0/node-v26.2.0-linux-arm64.tar.gz"

[tools.node."platforms.linux-arm64-musl"]
checksum = "sha256:4593d822012fe3238814721909408c66f2a82955e0141457643a7a4c84e132fd"
url = "https://unofficial-builds.nodejs.org/download/release/v26.2.0/node-v26.2.0-linux-arm64-musl.tar.gz"

[tools.node."platforms.linux-x64"]
checksum = "sha256:8e5b4b969bb2414aca2ff84d2b99608511aedca32bf8a8427e6187dbdd703bbe"
url = "https://nodejs.org/dist/v26.2.0/node-v26.2.0-linux-x64.tar.gz"

[tools.node."platforms.linux-x64-musl"]
checksum = "sha256:9efc99332e1cf70eeb85618398467c9d339bc208be65115380c611dda4c28407"
url = "https://unofficial-builds.nodejs.org/download/release/v26.2.0/node-v26.2.0-linux-x64-musl.tar.gz"

[tools.node."platforms.macos-arm64"]
checksum = "sha256:2d8575b6a749c0bc66cc6ecd22a952f7d9bbf3b0ea76fcb0ed3ce858018afff7"
url = "https://nodejs.org/dist/v26.2.0/node-v26.2.0-darwin-arm64.tar.gz"

[tools.node."platforms.windows-x64"]
checksum = "sha256:371071a4f7e2c8a5dd280730049c685911feecc59f50ebc488d675dc1087c69c"
url = "https://nodejs.org/dist/v26.2.0/node-v26.2.0-win-x64.zip"

[[tools."npm:nx"]]
version = "22.7.3"
backend = "npm:nx"

[[tools.pnpm]]
version = "11.2.2"
backend = "aqua:pnpm/pnpm"

[tools.pnpm."platforms.linux-arm64"]
checksum = "sha256:8c5da2d27cd86ac0ce0cee6d0b8d79b6353612351f761de3707dbc9d09d303fc"
url = "https://github.com/pnpm/pnpm/releases/download/v11.2.2/pnpm-linux-arm64.tar.gz"
provenance = "github-attestations"

[tools.pnpm."platforms.linux-arm64-musl"]
checksum = "sha256:a7f4de96ae6b63919792a15652a99fd6d209c85172237a6abe22ef89f308920c"
url = "https://github.com/pnpm/pnpm/releases/download/v11.2.2/pnpm-linux-arm64-musl.tar.gz"
provenance = "github-attestations"

[tools.pnpm."platforms.linux-x64"]
checksum = "sha256:a35b592d85a208222fc354f15e9f04d08add1aff1382a30b48094ea8b618a302"
url = "https://github.com/pnpm/pnpm/releases/download/v11.2.2/pnpm-linux-x64.tar.gz"
provenance = "github-attestations"

[tools.pnpm."platforms.linux-x64-musl"]
checksum = "sha256:e761ac60bb5b9bd6b423adce7edad7590a72de82ca11149e97f119890ef0fd49"
url = "https://github.com/pnpm/pnpm/releases/download/v11.2.2/pnpm-linux-x64-musl.tar.gz"
provenance = "github-attestations"

[tools.pnpm."platforms.macos-arm64"]
checksum = "sha256:89ab58c43ea3551aea88809ab5103a9a8356bbffe4382b2dc591129c2d0f54c0"
url = "https://github.com/pnpm/pnpm/releases/download/v11.2.2/pnpm-darwin-arm64.tar.gz"
provenance = "github-attestations"

[tools.pnpm."platforms.windows-x64"]
checksum = "sha256:c904bff9595cd681bb8c396b454677a5294217e1726b7afca1839bbbb31a91d2"
url = "https://github.com/pnpm/pnpm/releases/download/v11.2.2/pnpm-win32-x64.zip"
provenance = "github-attestations"
