# @generated - this file is auto-generated by `mise lock` https://mise.jdx.dev/dev-tools/mise-lock.html

[[tools.node]]
version = "25.8.1"
backend = "core:node"

[tools.node."platforms.linux-arm64"]
checksum = "sha256:d990ec3c21ce8bdb6f76ed4e1c875d6e3e4b75a02d018e85df0662c0bad83b53"
url = "https://nodejs.org/dist/v25.8.1/node-v25.8.1-linux-arm64.tar.gz"

[tools.node."platforms.linux-arm64-musl"]
checksum = "sha256:d990ec3c21ce8bdb6f76ed4e1c875d6e3e4b75a02d018e85df0662c0bad83b53"
url = "https://nodejs.org/dist/v25.8.1/node-v25.8.1-linux-arm64.tar.gz"

[tools.node."platforms.linux-x64"]
checksum = "sha256:6fe3b8fa448579f728f7a0e5bbb3ab6a352d2c6307e13ae37a86106a3e4c9aaf"
url = "https://nodejs.org/dist/v25.8.1/node-v25.8.1-linux-x64.tar.gz"

[tools.node."platforms.linux-x64-musl"]
checksum = "sha256:6fe3b8fa448579f728f7a0e5bbb3ab6a352d2c6307e13ae37a86106a3e4c9aaf"
url = "https://nodejs.org/dist/v25.8.1/node-v25.8.1-linux-x64.tar.gz"

[tools.node."platforms.macos-arm64"]
checksum = "sha256:c667629236e3213616f0917b84eb52706e213c0e8a2312402335fff6fc7463c4"
url = "https://nodejs.org/dist/v25.8.1/node-v25.8.1-darwin-arm64.tar.gz"

[tools.node."platforms.macos-x64"]
checksum = "sha256:1e5ebf69955e01216f5c60b9c989d1bdda8e5022e2f60c75e1baf309c5bff50e"
url = "https://nodejs.org/dist/v25.8.1/node-v25.8.1-darwin-x64.tar.gz"

[tools.node."platforms.windows-x64"]
checksum = "sha256:09a5a0dbb2f4cefa800880012810e2dfaac0016a62e75f064c4ab7f3606b2d78"
url = "https://nodejs.org/dist/v25.8.1/node-v25.8.1-win-x64.zip"

[[tools."npm:nx"]]
version = "22.6.1"
backend = "npm:nx"

[[tools.pnpm]]
version = "10.32.1"
backend = "aqua:pnpm/pnpm"

[tools.pnpm."platforms.linux-arm64"]
checksum = "sha256:c0db0b837971fde6f9781af8914e54eb163721193a36d35cbcf1794b3474a407"
url = "https://github.com/pnpm/pnpm/releases/download/v10.32.1/pnpm-linux-arm64"

[tools.pnpm."platforms.linux-arm64-musl"]
checksum = "sha256:c0db0b837971fde6f9781af8914e54eb163721193a36d35cbcf1794b3474a407"
url = "https://github.com/pnpm/pnpm/releases/download/v10.32.1/pnpm-linux-arm64"

[tools.pnpm."platforms.linux-x64"]
checksum = "sha256:c5607a86bfb948297e96b393a53c90107766fe56329e62967b1f239d861d4363"
url = "https://github.com/pnpm/pnpm/releases/download/v10.32.1/pnpm-linux-x64"

[tools.pnpm."platforms.linux-x64-musl"]
checksum = "sha256:c5607a86bfb948297e96b393a53c90107766fe56329e62967b1f239d861d4363"
url = "https://github.com/pnpm/pnpm/releases/download/v10.32.1/pnpm-linux-x64"

[tools.pnpm."platforms.macos-arm64"]
checksum = "sha256:b0904b4e0cf36704fcdc24bcdb5f03388799a631510d1fb0d459ea69c7b1e2d9"
url = "https://github.com/pnpm/pnpm/releases/download/v10.32.1/pnpm-macos-arm64"

[tools.pnpm."platforms.macos-x64"]
checksum = "sha256:8b83277343bbc400fdb90608bd51b4f56e380e6624ac5fd0e11d6c08815e3f04"
url = "https://github.com/pnpm/pnpm/releases/download/v10.32.1/pnpm-macos-x64"

[tools.pnpm."platforms.windows-x64"]
checksum = "sha256:849141504c83bcd08a3d84dc20d43cff2584d672138d28c33ad62bdac809e7f2"
url = "https://github.com/pnpm/pnpm/releases/download/v10.32.1/pnpm-win-x64.exe"
